
Microsoft Visual Studio Solution File, Format Version 12.00
# Visual Studio Version 17
VisualStudioVersion = 17.11.35312.102
MinimumVisualStudioVersion = 10.0.40219.1
Project("{9A19103F-16F7-4668-BE54-9A1E7A4F7556}") = "Api2", "Api2.csproj", "{5D6392A1-E933-4BF2-BF61-F7206043420C}"
EndProject
Project("{FAE04EC0-301F-11D3-BF4B-00C04F79EFBC}") = "Api2Test", "..\Api2Test\Api2Test.csproj", "{E24B6763-7508-4188-A991-F3EC26AD9D6C}"
EndProject
Global
	GlobalSection(SolutionConfigurationPlatforms) = preSolution
		Debug|Any CPU = Debug|Any CPU
		Release|Any CPU = Release|Any CPU
	EndGlobalSection
	GlobalSection(ProjectConfigurationPlatforms) = postSolution
		{5D6392A1-E933-4BF2-BF61-F7206043420C}.Debug|Any CPU.ActiveCfg = Debug|Any CPU
		{5D6392A1-E933-4BF2-BF61-F7206043420C}.Debug|Any CPU.Build.0 = Debug|Any CPU
		{5D6392A1-E933-4BF2-BF61-F7206043420C}.Release|Any CPU.ActiveCfg = Release|Any CPU
		{5D6392A1-E933-4BF2-BF61-F7206043420C}.Release|Any CPU.Build.0 = Release|Any CPU
		{E24B6763-7508-4188-A991-F3EC26AD9D6C}.Debug|Any CPU.ActiveCfg = Debug|Any CPU
		{E24B6763-7508-4188-A991-F3EC26AD9D6C}.Debug|Any CPU.Build.0 = Debug|Any CPU
		{E24B6763-7508-4188-A991-F3EC26AD9D6C}.Release|Any CPU.ActiveCfg = Release|Any CPU
		{E24B6763-7508-4188-A991-F3EC26AD9D6C}.Release|Any CPU.Build.0 = Release|Any CPU
	EndGlobalSection
	GlobalSection(SolutionProperties) = preSolution
		HideSolutionNode = FALSE
	EndGlobalSection
	GlobalSection(ExtensibilityGlobals) = postSolution
		SolutionGuid = {63A3DA5B-5897-4BAB-AEEC-518B31598393}
	EndGlobalSection
EndGlobal
