
Microsoft Visual Studio Solution File, Format Version 12.00
# Visual Studio Version 17
VisualStudioVersion = 17.11.35312.102
MinimumVisualStudioVersion = 10.0.40219.1
Project("{FAE04EC0-301F-11D3-BF4B-00C04F79EFBC}") = "ASPNET", "ASPNET.csproj", "{A990ACA2-4D69-496E-A6AB-1F4911490CC0}"
EndProject
Global
	GlobalSection(SolutionConfigurationPlatforms) = preSolution
		Debug|Any CPU = Debug|Any CPU
		Release|Any CPU = Release|Any CPU
	EndGlobalSection
	GlobalSection(ProjectConfigurationPlatforms) = postSolution
		{A990ACA2-4D69-496E-A6AB-1F4911490CC0}.Debug|Any CPU.ActiveCfg = Debug|Any CPU
		{A990ACA2-4D69-496E-A6AB-1F4911490CC0}.Debug|Any CPU.Build.0 = Debug|Any CPU
		{A990ACA2-4D69-496E-A6AB-1F4911490CC0}.Release|Any CPU.ActiveCfg = Release|Any CPU
		{A990ACA2-4D69-496E-A6AB-1F4911490CC0}.Release|Any CPU.Build.0 = Release|Any CPU
	EndGlobalSection
	GlobalSection(SolutionProperties) = preSolution
		HideSolutionNode = FALSE
	EndGlobalSection
	GlobalSection(ExtensibilityGlobals) = postSolution
		SolutionGuid = {110A1D6D-D4BF-4B69-BFA7-28DC9B1AF8C4}
	EndGlobalSection
EndGlobal
