
Microsoft Visual Studio Solution File, Format Version 12.00
# Visual Studio Version 17
VisualStudioVersion = 17.11.35312.102
MinimumVisualStudioVersion = 10.0.40219.1
Project("{FAE04EC0-301F-11D3-BF4B-00C04F79EFBC}") = "Web101", "Web101.csproj", "{EABFD898-0478-48D1-B431-54F605614AFA}"
EndProject
Global
	GlobalSection(SolutionConfigurationPlatforms) = preSolution
		Debug|Any CPU = Debug|Any CPU
		Release|Any CPU = Release|Any CPU
	EndGlobalSection
	GlobalSection(ProjectConfigurationPlatforms) = postSolution
		{EABFD898-0478-48D1-B431-54F605614AFA}.Debug|Any CPU.ActiveCfg = Debug|Any CPU
		{EABFD898-0478-48D1-B431-54F605614AFA}.Debug|Any CPU.Build.0 = Debug|Any CPU
		{EABFD898-0478-48D1-B431-54F605614AFA}.Release|Any CPU.ActiveCfg = Release|Any CPU
		{EABFD898-0478-48D1-B431-54F605614AFA}.Release|Any CPU.Build.0 = Release|Any CPU
	EndGlobalSection
	GlobalSection(SolutionProperties) = preSolution
		HideSolutionNode = FALSE
	EndGlobalSection
	GlobalSection(ExtensibilityGlobals) = postSolution
		SolutionGuid = {F1DB9C4A-3D34-4B9A-88A1-F49C254E8E90}
	EndGlobalSection
EndGlobal
