
Microsoft Visual Studio Solution File, Format Version 12.00
# Visual Studio Version 17
VisualStudioVersion = 17.11.35312.102
MinimumVisualStudioVersion = 10.0.40219.1
Project("{FAE04EC0-301F-11D3-BF4B-00C04F79EFBC}") = "Api1", "Api1.csproj", "{D57989DB-0CE8-4B3B-8AB6-3BC18BF1315D}"
EndProject
Global
	GlobalSection(SolutionConfigurationPlatforms) = preSolution
		Debug|Any CPU = Debug|Any CPU
		Release|Any CPU = Release|Any CPU
	EndGlobalSection
	GlobalSection(ProjectConfigurationPlatforms) = postSolution
		{D57989DB-0CE8-4B3B-8AB6-3BC18BF1315D}.Debug|Any CPU.ActiveCfg = Debug|Any CPU
		{D57989DB-0CE8-4B3B-8AB6-3BC18BF1315D}.Debug|Any CPU.Build.0 = Debug|Any CPU
		{D57989DB-0CE8-4B3B-8AB6-3BC18BF1315D}.Release|Any CPU.ActiveCfg = Release|Any CPU
		{D57989DB-0CE8-4B3B-8AB6-3BC18BF1315D}.Release|Any CPU.Build.0 = Release|Any CPU
	EndGlobalSection
	GlobalSection(SolutionProperties) = preSolution
		HideSolutionNode = FALSE
	EndGlobalSection
	GlobalSection(ExtensibilityGlobals) = postSolution
		SolutionGuid = {0641F876-43BB-4F6B-AE2A-A80C8C7E8060}
	EndGlobalSection
EndGlobal
