
Microsoft Visual Studio Solution File, Format Version 12.00
# Visual Studio Version 17
VisualStudioVersion = 17.5.002.0
MinimumVisualStudioVersion = 10.0.40219.1
Project("{9A19103F-16F7-4668-BE54-9A1E7A4F7556}") = "EFwithSqlite2", "EFwithSqlite2.csproj", "{316F2D14-A168-44FD-A00D-CDC441D5A551}"
EndProject
Global
	GlobalSection(SolutionConfigurationPlatforms) = preSolution
		Debug|Any CPU = Debug|Any CPU
		Release|Any CPU = Release|Any CPU
	EndGlobalSection
	GlobalSection(ProjectConfigurationPlatforms) = postSolution
		{316F2D14-A168-44FD-A00D-CDC441D5A551}.Debug|Any CPU.ActiveCfg = Debug|Any CPU
		{316F2D14-A168-44FD-A00D-CDC441D5A551}.Debug|Any CPU.Build.0 = Debug|Any CPU
		{316F2D14-A168-44FD-A00D-CDC441D5A551}.Release|Any CPU.ActiveCfg = Release|Any CPU
		{316F2D14-A168-44FD-A00D-CDC441D5A551}.Release|Any CPU.Build.0 = Release|Any CPU
	EndGlobalSection
	GlobalSection(SolutionProperties) = preSolution
		HideSolutionNode = FALSE
	EndGlobalSection
	GlobalSection(ExtensibilityGlobals) = postSolution
		SolutionGuid = {BDCBD3A4-914B-4647-A12D-7CAF6FDFF232}
	EndGlobalSection
EndGlobal
