
Microsoft Visual Studio Solution File, Format Version 12.00
# Visual Studio Version 17
VisualStudioVersion = 17.5.002.0
MinimumVisualStudioVersion = 10.0.40219.1
Project("{9A19103F-16F7-4668-BE54-9A1E7A4F7556}") = "EFwithSqlite", "EFwithSqlite.csproj", "{36D715DB-9985-40F5-88D9-7684E8A25992}"
EndProject
Global
	GlobalSection(SolutionConfigurationPlatforms) = preSolution
		Debug|Any CPU = Debug|Any CPU
		Release|Any CPU = Release|Any CPU
	EndGlobalSection
	GlobalSection(ProjectConfigurationPlatforms) = postSolution
		{36D715DB-9985-40F5-88D9-7684E8A25992}.Debug|Any CPU.ActiveCfg = Debug|Any CPU
		{36D715DB-9985-40F5-88D9-7684E8A25992}.Debug|Any CPU.Build.0 = Debug|Any CPU
		{36D715DB-9985-40F5-88D9-7684E8A25992}.Release|Any CPU.ActiveCfg = Release|Any CPU
		{36D715DB-9985-40F5-88D9-7684E8A25992}.Release|Any CPU.Build.0 = Release|Any CPU
	EndGlobalSection
	GlobalSection(SolutionProperties) = preSolution
		HideSolutionNode = FALSE
	EndGlobalSection
	GlobalSection(ExtensibilityGlobals) = postSolution
		SolutionGuid = {D3AB4396-C430-4D42-B9BA-535D6CB7A4A7}
	EndGlobalSection
EndGlobal
